
Microsoft Visual Studio Solution File, Format Version 12.00
# Visual Studio Version 17
VisualStudioVersion = 17.2.32616.157
MinimumVisualStudioVersion = 10.0.40219.1
Project("{FAE04EC0-301F-11D3-BF4B-00C04F79EFBC}") = "SGL.NugetUnityRepackager", "SGL.NugetUnityRepackager\SGL.NugetUnityRepackager.csproj", "{7053DDD8-275A-4B72-B787-F276B9E897C0}"
EndProject
Project("{2150E333-8FDC-42A3-9474-1A3956D46DE8}") = "Solution Items", "Solution Items", "{56C18FAF-FB0E-43F2-973F-3F47EDB51BBE}"
	ProjectSection(SolutionItems) = preProject
		.gitlab-ci.yml = .gitlab-ci.yml
		NuGet.config = NuGet.config
		package.gitlab-ci.yml = package.gitlab-ci.yml
	EndProjectSection
EndProject
Global
	GlobalSection(SolutionConfigurationPlatforms) = preSolution
		Debug|Any CPU = Debug|Any CPU
		Release|Any CPU = Release|Any CPU
	EndGlobalSection
	GlobalSection(ProjectConfigurationPlatforms) = postSolution
		{7053DDD8-275A-4B72-B787-F276B9E897C0}.Debug|Any CPU.ActiveCfg = Debug|Any CPU
		{7053DDD8-275A-4B72-B787-F276B9E897C0}.Debug|Any CPU.Build.0 = Debug|Any CPU
		{7053DDD8-275A-4B72-B787-F276B9E897C0}.Release|Any CPU.ActiveCfg = Release|Any CPU
		{7053DDD8-275A-4B72-B787-F276B9E897C0}.Release|Any CPU.Build.0 = Release|Any CPU
	EndGlobalSection
	GlobalSection(SolutionProperties) = preSolution
		HideSolutionNode = FALSE
	EndGlobalSection
	GlobalSection(ExtensibilityGlobals) = postSolution
		SolutionGuid = {42FA9C14-0867-496C-B308-A046251710B6}
	EndGlobalSection
EndGlobal
